
Microsoft Visual Studio Solution File, Format Version 12.00
# Visual Studio Version 16
VisualStudioVersion = 16.0.29424.173
MinimumVisualStudioVersion = 10.0.40219.1
Project("{8BC9CEB8-8B4A-11D0-8D11-00A0C91BC942}") = "day4", "day4\day4.vcxproj", "{F0533F21-156B-4A44-A83C-480CDC5D121D}"
EndProject
Global
	GlobalSection(SolutionConfigurationPlatforms) = preSolution
		Debug|x64 = Debug|x64
		Debug|x86 = Debug|x86
		Release|x64 = Release|x64
		Release|x86 = Release|x86
	EndGlobalSection
	GlobalSection(ProjectConfigurationPlatforms) = postSolution
		{F0533F21-156B-4A44-A83C-480CDC5D121D}.Debug|x64.ActiveCfg = Debug|x64
		{F0533F21-156B-4A44-A83C-480CDC5D121D}.Debug|x64.Build.0 = Debug|x64
		{F0533F21-156B-4A44-A83C-480CDC5D121D}.Debug|x86.ActiveCfg = Debug|Win32
		{F0533F21-156B-4A44-A83C-480CDC5D121D}.Debug|x86.Build.0 = Debug|Win32
		{F0533F21-156B-4A44-A83C-480CDC5D121D}.Release|x64.ActiveCfg = Release|x64
		{F0533F21-156B-4A44-A83C-480CDC5D121D}.Release|x64.Build.0 = Release|x64
		{F0533F21-156B-4A44-A83C-480CDC5D121D}.Release|x86.ActiveCfg = Release|Win32
		{F0533F21-156B-4A44-A83C-480CDC5D121D}.Release|x86.Build.0 = Release|Win32
	EndGlobalSection
	GlobalSection(SolutionProperties) = preSolution
		HideSolutionNode = FALSE
	EndGlobalSection
	GlobalSection(ExtensibilityGlobals) = postSolution
		SolutionGuid = {DA1D7DDF-BCC8-4B6A-9EF5-7C31B37444BB}
	EndGlobalSection
EndGlobal
